
Microsoft Visual Studio Solution File, Format Version 12.00
# Visual Studio 14
VisualStudioVersion = 14.0.23107.0
MinimumVisualStudioVersion = 10.0.40219.1
Project("{FAE04EC0-301F-11D3-BF4B-00C04F79EFBC}") = "Packet", "Packet\Packet.csproj", "{3277CD78-2E79-4A96-8536-F82E74CC167B}"
EndProject
Project("{FAE04EC0-301F-11D3-BF4B-00C04F79EFBC}") = "PacketHolder", "PacketHolder\PacketHolder.csproj", "{66D02FF2-BE17-451E-AA5E-3FC60D23BB92}"
EndProject
Global
	GlobalSection(SolutionConfigurationPlatforms) = preSolution
		Debug|Any CPU = Debug|Any CPU
		Release|Any CPU = Release|Any CPU
	EndGlobalSection
	GlobalSection(ProjectConfigurationPlatforms) = postSolution
		{3277CD78-2E79-4A96-8536-F82E74CC167B}.Debug|Any CPU.ActiveCfg = Debug|Any CPU
		{3277CD78-2E79-4A96-8536-F82E74CC167B}.Debug|Any CPU.Build.0 = Debug|Any CPU
		{3277CD78-2E79-4A96-8536-F82E74CC167B}.Release|Any CPU.ActiveCfg = Release|Any CPU
		{3277CD78-2E79-4A96-8536-F82E74CC167B}.Release|Any CPU.Build.0 = Release|Any CPU
		{66D02FF2-BE17-451E-AA5E-3FC60D23BB92}.Debug|Any CPU.ActiveCfg = Debug|Any CPU
		{66D02FF2-BE17-451E-AA5E-3FC60D23BB92}.Debug|Any CPU.Build.0 = Debug|Any CPU
		{66D02FF2-BE17-451E-AA5E-3FC60D23BB92}.Release|Any CPU.ActiveCfg = Release|Any CPU
		{66D02FF2-BE17-451E-AA5E-3FC60D23BB92}.Release|Any CPU.Build.0 = Release|Any CPU
	EndGlobalSection
	GlobalSection(SolutionProperties) = preSolution
		HideSolutionNode = FALSE
	EndGlobalSection
EndGlobal
